// !$*UTF8*$!
{
	archiveVersion = 1;
	classes = {
	};
	objectVersion = 50;
	objects = {

/* Begin PBXBuildFile section */
		0F49DBD220C90E510019E7DC /* AppDelegate.swift in Sources */ = {isa = PBXBuildFile; fileRef = 0F49DBD120C90E510019E7DC /* AppDelegate.swift */; };
		0F49DBD420C90E510019E7DC /* SettingViewController.swift in Sources */ = {isa = PBXBuildFile; fileRef = 0F49DBD320C90E510019E7DC /* SettingViewController.swift */; };
		0F49DBD720C90E510019E7DC /* Main.storyboard in Resources */ = {isa = PBXBuildFile; fileRef = 0F49DBD520C90E510019E7DC /* Main.storyboard */; };
		0F49DBD920C90E520019E7DC /* Assets.xcassets in Resources */ = {isa = PBXBuildFile; fileRef = 0F49DBD820C90E520019E7DC /* Assets.xcassets */; };
		0F49DBDC20C90E520019E7DC /* LaunchScreen.storyboard in Resources */ = {isa = PBXBuildFile; fileRef = 0F49DBDA20C90E520019E7DC /* LaunchScreen.storyboard */; };
		0F49DBE720C90E520019E7DC /* DateTests.swift in Sources */ = {isa = PBXBuildFile; fileRef = 0F49DBE620C90E520019E7DC /* DateTests.swift */; };
		0F49DBF220C90E520019E7DC /* DateUITests.swift in Sources */ = {isa = PBXBuildFile; fileRef = 0F49DBF120C90E520019E7DC /* DateUITests.swift */; };
		0F49DC0020C933810019E7DC /* Conversion.swift in Sources */ = {isa = PBXBuildFile; fileRef = 0F49DBFF20C933810019E7DC /* Conversion.swift */; };
		0F49DC0220C938300019E7DC /* PresentView.swift in Sources */ = {isa = PBXBuildFile; fileRef = 0F49DC0120C938300019E7DC /* PresentView.swift */; };
		0F4C48B320CE0E5500044A13 /* MyCollectionViewCell.swift in Sources */ = {isa = PBXBuildFile; fileRef = 0F4C48B220CE0E5500044A13 /* MyCollectionViewCell.swift */; };
		0F65204120CA131000196A1E /* Definition.swift in Sources */ = {isa = PBXBuildFile; fileRef = 0F65204020CA131000196A1E /* Definition.swift */; };
		0F65204320CA6B7200196A1E /* Constant.swift in Sources */ = {isa = PBXBuildFile; fileRef = 0F65204220CA6B7200196A1E /* Constant.swift */; };
		0F65204520CA7AA800196A1E /* MainViewController.swift in Sources */ = {isa = PBXBuildFile; fileRef = 0F65204420CA7AA800196A1E /* MainViewController.swift */; };
/* End PBXBuildFile section */

/* Begin PBXContainerItemProxy section */
		0F49DBE320C90E520019E7DC /* PBXContainerItemProxy */ = {
			isa = PBXContainerItemProxy;
			containerPortal = 0F49DBC620C90E510019E7DC /* Project object */;
			proxyType = 1;
			remoteGlobalIDString = 0F49DBCD20C90E510019E7DC;
			remoteInfo = Date;
		};
		0F49DBEE20C90E520019E7DC /* PBXContainerItemProxy */ = {
			isa = PBXContainerItemProxy;
			containerPortal = 0F49DBC620C90E510019E7DC /* Project object */;
			proxyType = 1;
			remoteGlobalIDString = 0F49DBCD20C90E510019E7DC;
			remoteInfo = Date;
		};
/* End PBXContainerItemProxy section */

/* Begin PBXFileReference section */
		0F49DBCE20C90E510019E7DC /* Date.app */ = {isa = PBXFileReference; explicitFileType = wrapper.application; includeInIndex = 0; path = Date.app; sourceTree = BUILT_PRODUCTS_DIR; };
		0F49DBD120C90E510019E7DC /* AppDelegate.swift */ = {isa = PBXFileReference; lastKnownFileType = sourcecode.swift; path = AppDelegate.swift; sourceTree = "<group>"; };
		0F49DBD320C90E510019E7DC /* SettingViewController.swift */ = {isa = PBXFileReference; lastKnownFileType = sourcecode.swift; path = SettingViewController.swift; sourceTree = "<group>"; };
		0F49DBD620C90E510019E7DC /* Base */ = {isa = PBXFileReference; lastKnownFileType = file.storyboard; name = Base; path = Base.lproj/Main.storyboard; sourceTree = "<group>"; };
		0F49DBD820C90E520019E7DC /* Assets.xcassets */ = {isa = PBXFileReference; lastKnownFileType = folder.assetcatalog; path = Assets.xcassets; sourceTree = "<group>"; };
		0F49DBDB20C90E520019E7DC /* Base */ = {isa = PBXFileReference; lastKnownFileType = file.storyboard; name = Base; path = Base.lproj/LaunchScreen.storyboard; sourceTree = "<group>"; };
		0F49DBDD20C90E520019E7DC /* Info.plist */ = {isa = PBXFileReference; lastKnownFileType = text.plist.xml; path = Info.plist; sourceTree = "<group>"; };
		0F49DBE220C90E520019E7DC /* DateTests.xctest */ = {isa = PBXFileReference; explicitFileType = wrapper.cfbundle; includeInIndex = 0; path = DateTests.xctest; sourceTree = BUILT_PRODUCTS_DIR; };
		0F49DBE620C90E520019E7DC /* DateTests.swift */ = {isa = PBXFileReference; lastKnownFileType = sourcecode.swift; path = DateTests.swift; sourceTree = "<group>"; };
		0F49DBE820C90E520019E7DC /* Info.plist */ = {isa = PBXFileReference; lastKnownFileType = text.plist.xml; path = Info.plist; sourceTree = "<group>"; };
		0F49DBED20C90E520019E7DC /* DateUITests.xctest */ = {isa = PBXFileReference; explicitFileType = wrapper.cfbundle; includeInIndex = 0; path = DateUITests.xctest; sourceTree = BUILT_PRODUCTS_DIR; };
		0F49DBF120C90E520019E7DC /* DateUITests.swift */ = {isa = PBXFileReference; lastKnownFileType = sourcecode.swift; path = DateUITests.swift; sourceTree = "<group>"; };
		0F49DBF320C90E520019E7DC /* Info.plist */ = {isa = PBXFileReference; lastKnownFileType = text.plist.xml; path = Info.plist; sourceTree = "<group>"; };
		0F49DBFF20C933810019E7DC /* Conversion.swift */ = {isa = PBXFileReference; lastKnownFileType = sourcecode.swift; path = Conversion.swift; sourceTree = "<group>"; };
		0F49DC0120C938300019E7DC /* PresentView.swift */ = {isa = PBXFileReference; lastKnownFileType = sourcecode.swift; path = PresentView.swift; sourceTree = "<group>"; };
		0F4C48B220CE0E5500044A13 /* MyCollectionViewCell.swift */ = {isa = PBXFileReference; lastKnownFileType = sourcecode.swift; path = MyCollectionViewCell.swift; sourceTree = "<group>"; };
		0F65204020CA131000196A1E /* Definition.swift */ = {isa = PBXFileReference; lastKnownFileType = sourcecode.swift; path = Definition.swift; sourceTree = "<group>"; };
		0F65204220CA6B7200196A1E /* Constant.swift */ = {isa = PBXFileReference; lastKnownFileType = sourcecode.swift; path = Constant.swift; sourceTree = "<group>"; };
		0F65204420CA7AA800196A1E /* MainViewController.swift */ = {isa = PBXFileReference; lastKnownFileType = sourcecode.swift; path = MainViewController.swift; sourceTree = "<group>"; };
/* End PBXFileReference section */

/* Begin PBXFrameworksBuildPhase section */
		0F49DBCB20C90E510019E7DC /* Frameworks */ = {
			isa = PBXFrameworksBuildPhase;
			buildActionMask = 2147483647;
			files = (
			);
			runOnlyForDeploymentPostprocessing = 0;
		};
		0F49DBDF20C90E520019E7DC /* Frameworks */ = {
			isa = PBXFrameworksBuildPhase;
			buildActionMask = 2147483647;
			files = (
			);
			runOnlyForDeploymentPostprocessing = 0;
		};
		0F49DBEA20C90E520019E7DC /* Frameworks */ = {
			isa = PBXFrameworksBuildPhase;
			buildActionMask = 2147483647;
			files = (
			);
			runOnlyForDeploymentPostprocessing = 0;
		};
/* End PBXFrameworksBuildPhase section */

/* Begin PBXGroup section */
		0F49DBC520C90E510019E7DC = {
			isa = PBXGroup;
			children = (
				0F49DBD020C90E510019E7DC /* Date */,
				0F49DBE520C90E520019E7DC /* DateTests */,
				0F49DBF020C90E520019E7DC /* DateUITests */,
				0F49DBCF20C90E510019E7DC /* Products */,
			);
			sourceTree = "<group>";
		};
		0F49DBCF20C90E510019E7DC /* Products */ = {
			isa = PBXGroup;
			children = (
				0F49DBCE20C90E510019E7DC /* Date.app */,
				0F49DBE220C90E520019E7DC /* DateTests.xctest */,
				0F49DBED20C90E520019E7DC /* DateUITests.xctest */,
			);
			name = Products;
			sourceTree = "<group>";
		};
		0F49DBD020C90E510019E7DC /* Date */ = {
			isa = PBXGroup;
			children = (
				0F49DBD120C90E510019E7DC /* AppDelegate.swift */,
				0F49DBD320C90E510019E7DC /* SettingViewController.swift */,
				0F65204420CA7AA800196A1E /* MainViewController.swift */,
				0F49DBFF20C933810019E7DC /* Conversion.swift */,
				0F49DC0120C938300019E7DC /* PresentView.swift */,
				0F65204020CA131000196A1E /* Definition.swift */,
				0F65204220CA6B7200196A1E /* Constant.swift */,
				0F4C48B220CE0E5500044A13 /* MyCollectionViewCell.swift */,
				0F49DBD520C90E510019E7DC /* Main.storyboard */,
				0F49DBD820C90E520019E7DC /* Assets.xcassets */,
				0F49DBDA20C90E520019E7DC /* LaunchScreen.storyboard */,
				0F49DBDD20C90E520019E7DC /* Info.plist */,
			);
			path = Date;
			sourceTree = "<group>";
		};
		0F49DBE520C90E520019E7DC /* DateTests */ = {
			isa = PBXGroup;
			children = (
				0F49DBE620C90E520019E7DC /* DateTests.swift */,
				0F49DBE820C90E520019E7DC /* Info.plist */,
			);
			path = DateTests;
			sourceTree = "<group>";
		};
		0F49DBF020C90E520019E7DC /* DateUITests */ = {
			isa = PBXGroup;
			children = (
				0F49DBF120C90E520019E7DC /* DateUITests.swift */,
				0F49DBF320C90E520019E7DC /* Info.plist */,
			);
			path = DateUITests;
			sourceTree = "<group>";
		};
/* End PBXGroup section */

/* Begin PBXNativeTarget section */
		0F49DBCD20C90E510019E7DC /* Date */ = {
			isa = PBXNativeTarget;
			buildConfigurationList = 0F49DBF620C90E520019E7DC /* Build configuration list for PBXNativeTarget "Date" */;
			buildPhases = (
				0F49DBCA20C90E510019E7DC /* Sources */,
				0F49DBCB20C90E510019E7DC /* Frameworks */,
				0F49DBCC20C90E510019E7DC /* Resources */,
			);
			buildRules = (
			);
			dependencies = (
			);
			name = Date;
			productName = Date;
			productReference = 0F49DBCE20C90E510019E7DC /* Date.app */;
			productType = "com.apple.product-type.application";
		};
		0F49DBE120C90E520019E7DC /* DateTests */ = {
			isa = PBXNativeTarget;
			buildConfigurationList = 0F49DBF920C90E520019E7DC /* Build configuration list for PBXNativeTarget "DateTests" */;
			buildPhases = (
				0F49DBDE20C90E520019E7DC /* Sources */,
				0F49DBDF20C90E520019E7DC /* Frameworks */,
				0F49DBE020C90E520019E7DC /* Resources */,
			);
			buildRules = (
			);
			dependencies = (
				0F49DBE420C90E520019E7DC /* PBXTargetDependency */,
			);
			name = DateTests;
			productName = DateTests;
			productReference = 0F49DBE220C90E520019E7DC /* DateTests.xctest */;
			productType = "com.apple.product-type.bundle.unit-test";
		};
		0F49DBEC20C90E520019E7DC /* DateUITests */ = {
			isa = PBXNativeTarget;
			buildConfigurationList = 0F49DBFC20C90E520019E7DC /* Build configuration list for PBXNativeTarget "DateUITests" */;
			buildPhases = (
				0F49DBE920C90E520019E7DC /* Sources */,
				0F49DBEA20C90E520019E7DC /* Frameworks */,
				0F49DBEB20C90E520019E7DC /* Resources */,
			);
			buildRules = (
			);
			dependencies = (
				0F49DBEF20C90E520019E7DC /* PBXTargetDependency */,
			);
			name = DateUITests;
			productName = DateUITests;
			productReference = 0F49DBED20C90E520019E7DC /* DateUITests.xctest */;
			productType = "com.apple.product-type.bundle.ui-testing";
		};
/* End PBXNativeTarget section */

/* Begin PBXProject section */
		0F49DBC620C90E510019E7DC /* Project object */ = {
			isa = PBXProject;
			attributes = {
				LastSwiftUpdateCheck = 0930;
				LastUpgradeCheck = 0930;
				ORGANIZATIONNAME = jj;
				TargetAttributes = {
					0F49DBCD20C90E510019E7DC = {
						CreatedOnToolsVersion = 9.3.1;
					};
					0F49DBE120C90E520019E7DC = {
						CreatedOnToolsVersion = 9.3.1;
						TestTargetID = 0F49DBCD20C90E510019E7DC;
					};
					0F49DBEC20C90E520019E7DC = {
						CreatedOnToolsVersion = 9.3.1;
						TestTargetID = 0F49DBCD20C90E510019E7DC;
					};
				};
			};
			buildConfigurationList = 0F49DBC920C90E510019E7DC /* Build configuration list for PBXProject "Date" */;
			compatibilityVersion = "Xcode 9.3";
			developmentRegion = en;
			hasScannedForEncodings = 0;
			knownRegions = (
				en,
				Base,
			);
			mainGroup = 0F49DBC520C90E510019E7DC;
			productRefGroup = 0F49DBCF20C90E510019E7DC /* Products */;
			projectDirPath = "";
			projectRoot = "";
			targets = (
				0F49DBCD20C90E510019E7DC /* Date */,
				0F49DBE120C90E520019E7DC /* DateTests */,
				0F49DBEC20C90E520019E7DC /* DateUITests */,
			);
		};
/* End PBXProject section */

/* Begin PBXResourcesBuildPhase section */
		0F49DBCC20C90E510019E7DC /* Resources */ = {
			isa = PBXResourcesBuildPhase;
			buildActionMask = 2147483647;
			files = (
				0F49DBDC20C90E520019E7DC /* LaunchScreen.storyboard in Resources */,
				0F49DBD920C90E520019E7DC /* Assets.xcassets in Resources */,
				0F49DBD720C90E510019E7DC /* Main.storyboard in Resources */,
			);
			runOnlyForDeploymentPostprocessing = 0;
		};
		0F49DBE020C90E520019E7DC /* Resources */ = {
			isa = PBXResourcesBuildPhase;
			buildActionMask = 2147483647;
			files = (
			);
			runOnlyForDeploymentPostprocessing = 0;
		};
		0F49DBEB20C90E520019E7DC /* Resources */ = {
			isa = PBXResourcesBuildPhase;
			buildActionMask = 2147483647;
			files = (
			);
			runOnlyForDeploymentPostprocessing = 0;
		};
/* End PBXResourcesBuildPhase section */

/* Begin PBXSourcesBuildPhase section */
		0F49DBCA20C90E510019E7DC /* Sources */ = {
			isa = PBXSourcesBuildPhase;
			buildActionMask = 2147483647;
			files = (
				0F65204520CA7AA800196A1E /* MainViewController.swift in Sources */,
				0F49DC0220C938300019E7DC /* PresentView.swift in Sources */,
				0F4C48B320CE0E5500044A13 /* MyCollectionViewCell.swift in Sources */,
				0F49DC0020C933810019E7DC /* Conversion.swift in Sources */,
				0F65204120CA131000196A1E /* Definition.swift in Sources */,
				0F49DBD420C90E510019E7DC /* SettingViewController.swift in Sources */,
				0F49DBD220C90E510019E7DC /* AppDelegate.swift in Sources */,
				0F65204320CA6B7200196A1E /* Constant.swift in Sources */,
			);
			runOnlyForDeploymentPostprocessing = 0;
		};
		0F49DBDE20C90E520019E7DC /* Sources */ = {
			isa = PBXSourcesBuildPhase;
			buildActionMask = 2147483647;
			files = (
				0F49DBE720C90E520019E7DC /* DateTests.swift in Sources */,
			);
			runOnlyForDeploymentPostprocessing = 0;
		};
		0F49DBE920C90E520019E7DC /* Sources */ = {
			isa = PBXSourcesBuildPhase;
			buildActionMask = 2147483647;
			files = (
				0F49DBF220C90E520019E7DC /* DateUITests.swift in Sources */,
			);
			runOnlyForDeploymentPostprocessing = 0;
		};
/* End PBXSourcesBuildPhase section */

/* Begin PBXTargetDependency section */
		0F49DBE420C90E520019E7DC /* PBXTargetDependency */ = {
			isa = PBXTargetDependency;
			target = 0F49DBCD20C90E510019E7DC /* Date */;
			targetProxy = 0F49DBE320C90E520019E7DC /* PBXContainerItemProxy */;
		};
		0F49DBEF20C90E520019E7DC /* PBXTargetDependency */ = {
			isa = PBXTargetDependency;
			target = 0F49DBCD20C90E510019E7DC /* Date */;
			targetProxy = 0F49DBEE20C90E520019E7DC /* PBXContainerItemProxy */;
		};
/* End PBXTargetDependency section */

/* Begin PBXVariantGroup section */
		0F49DBD520C90E510019E7DC /* Main.storyboard */ = {
			isa = PBXVariantGroup;
			children = (
				0F49DBD620C90E510019E7DC /* Base */,
			);
			name = Main.storyboard;
			sourceTree = "<group>";
		};
		0F49DBDA20C90E520019E7DC /* LaunchScreen.storyboard */ = {
			isa = PBXVariantGroup;
			children = (
				0F49DBDB20C90E520019E7DC /* Base */,
			);
			name = LaunchScreen.storyboard;
			sourceTree = "<group>";
		};
/* End PBXVariantGroup section */

/* Begin XCBuildConfiguration section */
		0F49DBF420C90E520019E7DC /* Debug */ = {
			isa = XCBuildConfiguration;
			buildSettings = {
				ALWAYS_SEARCH_USER_PATHS = NO;
				CLANG_ANALYZER_NONNULL = YES;
				CLANG_ANALYZER_NUMBER_OBJECT_CONVERSION = YES_AGGRESSIVE;
				CLANG_CXX_LANGUAGE_STANDARD = "gnu++14";
				CLANG_CXX_LIBRARY = "libc++";
				CLANG_ENABLE_MODULES = YES;
				CLANG_ENABLE_OBJC_ARC = YES;
				CLANG_ENABLE_OBJC_WEAK = YES;
				CLANG_WARN_BLOCK_CAPTURE_AUTORELEASING = YES;
				CLANG_WARN_BOOL_CONVERSION = YES;
				CLANG_WARN_COMMA = YES;
				CLANG_WARN_CONSTANT_CONVERSION = YES;
				CLANG_WARN_DEPRECATED_OBJC_IMPLEMENTATIONS = YES;
				CLANG_WARN_DIRECT_OBJC_ISA_USAGE = YES_ERROR;
				CLANG_WARN_DOCUMENTATION_COMMENTS = YES;
				CLANG_WARN_EMPTY_BODY = YES;
				CLANG_WARN_ENUM_CONVERSION = YES;
				CLANG_WARN_INFINITE_RECURSION = YES;
				CLANG_WARN_INT_CONVERSION = YES;
				CLANG_WARN_NON_LITERAL_NULL_CONVERSION = YES;
				CLANG_WARN_OBJC_IMPLICIT_RETAIN_SELF = YES;
				CLANG_WARN_OBJC_LITERAL_CONVERSION = YES;
				CLANG_WARN_OBJC_ROOT_CLASS = YES_ERROR;
				CLANG_WARN_RANGE_LOOP_ANALYSIS = YES;
				CLANG_WARN_STRICT_PROTOTYPES = YES;
				CLANG_WARN_SUSPICIOUS_MOVE = YES;
				CLANG_WARN_UNGUARDED_AVAILABILITY = YES_AGGRESSIVE;
				CLANG_WARN_UNREACHABLE_CODE = YES;
				CLANG_WARN__DUPLICATE_METHOD_MATCH = YES;
				CODE_SIGN_IDENTITY = "iPhone Developer";
				COPY_PHASE_STRIP = NO;
				DEBUG_INFORMATION_FORMAT = dwarf;
				ENABLE_STRICT_OBJC_MSGSEND = YES;
				ENABLE_TESTABILITY = YES;
				GCC_C_LANGUAGE_STANDARD = gnu11;
				GCC_DYNAMIC_NO_PIC = NO;
				GCC_NO_COMMON_BLOCKS = YES;
				GCC_OPTIMIZATION_LEVEL = 0;
				GCC_PREPROCESSOR_DEFINITIONS = (
					"DEBUG=1",
					"$(inherited)",
				);
				GCC_WARN_64_TO_32_BIT_CONVERSION = YES;
				GCC_WARN_ABOUT_RETURN_TYPE = YES_ERROR;
				GCC_WARN_UNDECLARED_SELECTOR = YES;
				GCC_WARN_UNINITIALIZED_AUTOS = YES_AGGRESSIVE;
				GCC_WARN_UNUSED_FUNCTION = YES;
				GCC_WARN_UNUSED_VARIABLE = YES;
				IPHONEOS_DEPLOYMENT_TARGET = 11.3;
				MTL_ENABLE_DEBUG_INFO = YES;
				ONLY_ACTIVE_ARCH = YES;
				SDKROOT = iphoneos;
				SWIFT_ACTIVE_COMPILATION_CONDITIONS = DEBUG;
				SWIFT_OPTIMIZATION_LEVEL = "-Onone";
			};
			name = Debug;
		};
		0F49DBF520C90E520019E7DC /* Release */ = {
			isa = XCBuildConfiguration;
			buildSettings = {
				ALWAYS_SEARCH_USER_PATHS = NO;
				CLANG_ANALYZER_NONNULL = YES;
				CLANG_ANALYZER_NUMBER_OBJECT_CONVERSION = YES_AGGRESSIVE;
				CLANG_CXX_LANGUAGE_STANDARD = "gnu++14";
				CLANG_CXX_LIBRARY = "libc++";
				CLANG_ENABLE_MODULES = YES;
				CLANG_ENABLE_OBJC_ARC = YES;
				CLANG_ENABLE_OBJC_WEAK = YES;
				CLANG_WARN_BLOCK_CAPTURE_AUTORELEASING = YES;
				CLANG_WARN_BOOL_CONVERSION = YES;
				CLANG_WARN_COMMA = YES;
				CLANG_WARN_CONSTANT_CONVERSION = YES;
				CLANG_WARN_DEPRECATED_OBJC_IMPLEMENTATIONS = YES;
				CLANG_WARN_DIRECT_OBJC_ISA_USAGE = YES_ERROR;
				CLANG_WARN_DOCUMENTATION_COMMENTS = YES;
				CLANG_WARN_EMPTY_BODY = YES;
				CLANG_WARN_ENUM_CONVERSION = YES;
				CLANG_WARN_INFINITE_RECURSION = YES;
				CLANG_WARN_INT_CONVERSION = YES;
				CLANG_WARN_NON_LITERAL_NULL_CONVERSION = YES;
				CLANG_WARN_OBJC_IMPLICIT_RETAIN_SELF = YES;
				CLANG_WARN_OBJC_LITERAL_CONVERSION = YES;
				CLANG_WARN_OBJC_ROOT_CLASS = YES_ERROR;
				CLANG_WARN_RANGE_LOOP_ANALYSIS = YES;
				CLANG_WARN_STRICT_PROTOTYPES = YES;
				CLANG_WARN_SUSPICIOUS_MOVE = YES;
				CLANG_WARN_UNGUARDED_AVAILABILITY = YES_AGGRESSIVE;
				CLANG_WARN_UNREACHABLE_CODE = YES;
				CLANG_WARN__DUPLICATE_METHOD_MATCH = YES;
				CODE_SIGN_IDENTITY = "iPhone Developer";
				COPY_PHASE_STRIP = NO;
				DEBUG_INFORMATION_FORMAT = "dwarf-with-dsym";
				ENABLE_NS_ASSERTIONS = NO;
				ENABLE_STRICT_OBJC_MSGSEND = YES;
				GCC_C_LANGUAGE_STANDARD = gnu11;
				GCC_NO_COMMON_BLOCKS = YES;
				GCC_WARN_64_TO_32_BIT_CONVERSION = YES;
				GCC_WARN_ABOUT_RETURN_TYPE = YES_ERROR;
				GCC_WARN_UNDECLARED_SELECTOR = YES;
				GCC_WARN_UNINITIALIZED_AUTOS = YES_AGGRESSIVE;
				GCC_WARN_UNUSED_FUNCTION = YES;
				GCC_WARN_UNUSED_VARIABLE = YES;
				IPHONEOS_DEPLOYMENT_TARGET = 11.3;
				MTL_ENABLE_DEBUG_INFO = NO;
				SDKROOT = iphoneos;
				SWIFT_COMPILATION_MODE = wholemodule;
				SWIFT_OPTIMIZATION_LEVEL = "-O";
				VALIDATE_PRODUCT = YES;
			};
			name = Release;
		};
		0F49DBF720C90E520019E7DC /* Debug */ = {
			isa = XCBuildConfiguration;
			buildSettings = {
				ASSETCATALOG_COMPILER_APPICON_NAME = AppIcon;
				CODE_SIGN_STYLE = Automatic;
				DEVELOPMENT_TEAM = 6U79KUH842;
				INFOPLIST_FILE = Date/Info.plist;
				IPHONEOS_DEPLOYMENT_TARGET = 9.0;
				LD_RUNPATH_SEARCH_PATHS = (
					"$(inherited)",
					"@executable_path/Frameworks",
				);
				PRODUCT_BUNDLE_IDENTIFIER = com.jj.Date;
				PRODUCT_NAME = "$(TARGET_NAME)";
				SWIFT_VERSION = 4.0;
				TARGETED_DEVICE_FAMILY = "1,2";
			};
			name = Debug;
		};
		0F49DBF820C90E520019E7DC /* Release */ = {
			isa = XCBuildConfiguration;
			buildSettings = {
				ASSETCATALOG_COMPILER_APPICON_NAME = AppIcon;
				CODE_SIGN_STYLE = Automatic;
				DEVELOPMENT_TEAM = 6U79KUH842;
				INFOPLIST_FILE = Date/Info.plist;
				IPHONEOS_DEPLOYMENT_TARGET = 9.0;
				LD_RUNPATH_SEARCH_PATHS = (
					"$(inherited)",
					"@executable_path/Frameworks",
				);
				PRODUCT_BUNDLE_IDENTIFIER = com.jj.Date;
				PRODUCT_NAME = "$(TARGET_NAME)";
				SWIFT_VERSION = 4.0;
				TARGETED_DEVICE_FAMILY = "1,2";
			};
			name = Release;
		};
		0F49DBFA20C90E520019E7DC /* Debug */ = {
			isa = XCBuildConfiguration;
			buildSettings = {
				ALWAYS_EMBED_SWIFT_STANDARD_LIBRARIES = YES;
				BUNDLE_LOADER = "$(TEST_HOST)";
				CODE_SIGN_STYLE = Automatic;
				DEVELOPMENT_TEAM = 6U79KUH842;
				INFOPLIST_FILE = DateTests/Info.plist;
				LD_RUNPATH_SEARCH_PATHS = (
					"$(inherited)",
					"@executable_path/Frameworks",
					"@loader_path/Frameworks",
				);
				PRODUCT_BUNDLE_IDENTIFIER = com.jj.DateTests;
				PRODUCT_NAME = "$(TARGET_NAME)";
				SWIFT_VERSION = 4.0;
				TARGETED_DEVICE_FAMILY = "1,2";
				TEST_HOST = "$(BUILT_PRODUCTS_DIR)/Date.app/Date";
			};
			name = Debug;
		};
		0F49DBFB20C90E520019E7DC /* Release */ = {
			isa = XCBuildConfiguration;
			buildSettings = {
				ALWAYS_EMBED_SWIFT_STANDARD_LIBRARIES = YES;
				BUNDLE_LOADER = "$(TEST_HOST)";
				CODE_SIGN_STYLE = Automatic;
				DEVELOPMENT_TEAM = 6U79KUH842;
				INFOPLIST_FILE = DateTests/Info.plist;
				LD_RUNPATH_SEARCH_PATHS = (
					"$(inherited)",
					"@executable_path/Frameworks",
					"@loader_path/Frameworks",
				);
				PRODUCT_BUNDLE_IDENTIFIER = com.jj.DateTests;
				PRODUCT_NAME = "$(TARGET_NAME)";
				SWIFT_VERSION = 4.0;
				TARGETED_DEVICE_FAMILY = "1,2";
				TEST_HOST = "$(BUILT_PRODUCTS_DIR)/Date.app/Date";
			};
			name = Release;
		};
		0F49DBFD20C90E520019E7DC /* Debug */ = {
			isa = XCBuildConfiguration;
			buildSettings = {
				ALWAYS_EMBED_SWIFT_STANDARD_LIBRARIES = YES;
				CODE_SIGN_STYLE = Automatic;
				DEVELOPMENT_TEAM = 6U79KUH842;
				INFOPLIST_FILE = DateUITests/Info.plist;
				LD_RUNPATH_SEARCH_PATHS = (
					"$(inherited)",
					"@executable_path/Frameworks",
					"@loader_path/Frameworks",
				);
				PRODUCT_BUNDLE_IDENTIFIER = com.jj.DateUITests;
				PRODUCT_NAME = "$(TARGET_NAME)";
				SWIFT_VERSION = 4.0;
				TARGETED_DEVICE_FAMILY = "1,2";
				TEST_TARGET_NAME = Date;
			};
			name = Debug;
		};
		0F49DBFE20C90E520019E7DC /* Release */ = {
			isa = XCBuildConfiguration;
			buildSettings = {
				ALWAYS_EMBED_SWIFT_STANDARD_LIBRARIES = YES;
				CODE_SIGN_STYLE = Automatic;
				DEVELOPMENT_TEAM = 6U79KUH842;
				INFOPLIST_FILE = DateUITests/Info.plist;
				LD_RUNPATH_SEARCH_PATHS = (
					"$(inherited)",
					"@executable_path/Frameworks",
					"@loader_path/Frameworks",
				);
				PRODUCT_BUNDLE_IDENTIFIER = com.jj.DateUITests;
				PRODUCT_NAME = "$(TARGET_NAME)";
				SWIFT_VERSION = 4.0;
				TARGETED_DEVICE_FAMILY = "1,2";
				TEST_TARGET_NAME = Date;
			};
			name = Release;
		};
/* End XCBuildConfiguration section */

/* Begin XCConfigurationList section */
		0F49DBC920C90E510019E7DC /* Build configuration list for PBXProject "Date" */ = {
			isa = XCConfigurationList;
			buildConfigurations = (
				0F49DBF420C90E520019E7DC /* Debug */,
				0F49DBF520C90E520019E7DC /* Release */,
			);
			defaultConfigurationIsVisible = 0;
			defaultConfigurationName = Release;
		};
		0F49DBF620C90E520019E7DC /* Build configuration list for PBXNativeTarget "Date" */ = {
			isa = XCConfigurationList;
			buildConfigurations = (
				0F49DBF720C90E520019E7DC /* Debug */,
				0F49DBF820C90E520019E7DC /* Release */,
			);
			defaultConfigurationIsVisible = 0;
			defaultConfigurationName = Release;
		};
		0F49DBF920C90E520019E7DC /* Build configuration list for PBXNativeTarget "DateTests" */ = {
			isa = XCConfigurationList;
			buildConfigurations = (
				0F49DBFA20C90E520019E7DC /* Debug */,
				0F49DBFB20C90E520019E7DC /* Release */,
			);
			defaultConfigurationIsVisible = 0;
			defaultConfigurationName = Release;
		};
		0F49DBFC20C90E520019E7DC /* Build configuration list for PBXNativeTarget "DateUITests" */ = {
			isa = XCConfigurationList;
			buildConfigurations = (
				0F49DBFD20C90E520019E7DC /* Debug */,
				0F49DBFE20C90E520019E7DC /* Release */,
			);
			defaultConfigurationIsVisible = 0;
			defaultConfigurationName = Release;
		};
/* End XCConfigurationList section */
	};
	rootObject = 0F49DBC620C90E510019E7DC /* Project object */;
}
